// !$*UTF8*$!
{
	archiveVersion = 1;
	classes = {
	};
	objectVersion = 55;
	objects = {

/* Begin PBXBuildFile section */
		24BDB23A28D005E1004B0BFA /* AppDelegate.swift in Sources */ = {isa = PBXBuildFile; fileRef = 24BDB23928D005E1004B0BFA /* AppDelegate.swift */; };
		24BDB23C28D005E1004B0BFA /* SceneDelegate.swift in Sources */ = {isa = PBXBuildFile; fileRef = 24BDB23B28D005E1004B0BFA /* SceneDelegate.swift */; };
		24BDB23E28D005E1004B0BFA /* ViewController.swift in Sources */ = {isa = PBXBuildFile; fileRef = 24BDB23D28D005E1004B0BFA /* ViewController.swift */; };
		24BDB24128D005E1004B0BFA /* Main.storyboard in Resources */ = {isa = PBXBuildFile; fileRef = 24BDB23F28D005E1004B0BFA /* Main.storyboard */; };
		24BDB24328D005E3004B0BFA /* Assets.xcassets in Resources */ = {isa = PBXBuildFile; fileRef = 24BDB24228D005E3004B0BFA /* Assets.xcassets */; };
		24BDB24628D005E3004B0BFA /* LaunchScreen.storyboard in Resources */ = {isa = PBXBuildFile; fileRef = 24BDB24428D005E3004B0BFA /* LaunchScreen.storyboard */; };
		24D09EB828E5280A00E3C3E2 /* cachorro-png-imagem-de-cachorro-em-11563323933kntgiybgzp.png in Resources */ = {isa = PBXBuildFile; fileRef = 24D09EB728E5280900E3C3E2 /* cachorro-png-imagem-de-cachorro-em-11563323933kntgiybgzp.png */; };
/* End PBXBuildFile section */

/* Begin PBXFileReference section */
		24BDB23628D005E1004B0BFA /* idade de cachorro.app */ = {isa = PBXFileReference; explicitFileType = wrapper.application; includeInIndex = 0; path = "idade de cachorro.app"; sourceTree = BUILT_PRODUCTS_DIR; };
		24BDB23928D005E1004B0BFA /* AppDelegate.swift */ = {isa = PBXFileReference; lastKnownFileType = sourcecode.swift; path = AppDelegate.swift; sourceTree = "<group>"; };
		24BDB23B28D005E1004B0BFA /* SceneDelegate.swift */ = {isa = PBXFileReference; lastKnownFileType = sourcecode.swift; path = SceneDelegate.swift; sourceTree = "<group>"; };
		24BDB23D28D005E1004B0BFA /* ViewController.swift */ = {isa = PBXFileReference; lastKnownFileType = sourcecode.swift; path = ViewController.swift; sourceTree = "<group>"; };
		24BDB24028D005E1004B0BFA /* Base */ = {isa = PBXFileReference; lastKnownFileType = file.storyboard; name = Base; path = Base.lproj/Main.storyboard; sourceTree = "<group>"; };
		24BDB24228D005E3004B0BFA /* Assets.xcassets */ = {isa = PBXFileReference; lastKnownFileType = folder.assetcatalog; path = Assets.xcassets; sourceTree = "<group>"; };
		24BDB24528D005E3004B0BFA /* Base */ = {isa = PBXFileReference; lastKnownFileType = file.storyboard; name = Base; path = Base.lproj/LaunchScreen.storyboard; sourceTree = "<group>"; };
		24BDB24728D005E3004B0BFA /* Info.plist */ = {isa = PBXFileReference; lastKnownFileType = text.plist.xml; path = Info.plist; sourceTree = "<group>"; };
		24D09EB728E5280900E3C3E2 /* cachorro-png-imagem-de-cachorro-em-11563323933kntgiybgzp.png */ = {isa = PBXFileReference; lastKnownFileType = image.png; path = "cachorro-png-imagem-de-cachorro-em-11563323933kntgiybgzp.png"; sourceTree = "<group>"; };
/* End PBXFileReference section */

/* Begin PBXFrameworksBuildPhase section */
		24BDB23328D005E1004B0BFA /* Frameworks */ = {
			isa = PBXFrameworksBuildPhase;
			buildActionMask = 2147483647;
			files = (
			);
			runOnlyForDeploymentPostprocessing = 0;
		};
/* End PBXFrameworksBuildPhase section */

/* Begin PBXGroup section */
		24BDB22D28D005E1004B0BFA = {
			isa = PBXGroup;
			children = (
				24BDB23828D005E1004B0BFA /* idade de cachorro */,
				24BDB23728D005E1004B0BFA /* Products */,
			);
			sourceTree = "<group>";
		};
		24BDB23728D005E1004B0BFA /* Products */ = {
			isa = PBXGroup;
			children = (
				24BDB23628D005E1004B0BFA /* idade de cachorro.app */,
			);
			name = Products;
			sourceTree = "<group>";
		};
		24BDB23828D005E1004B0BFA /* idade de cachorro */ = {
			isa = PBXGroup;
			children = (
				24BDB23928D005E1004B0BFA /* AppDelegate.swift */,
				24BDB23B28D005E1004B0BFA /* SceneDelegate.swift */,
				24BDB23D28D005E1004B0BFA /* ViewController.swift */,
				24BDB23F28D005E1004B0BFA /* Main.storyboard */,
				24D09EB728E5280900E3C3E2 /* cachorro-png-imagem-de-cachorro-em-11563323933kntgiybgzp.png */,
				24BDB24228D005E3004B0BFA /* Assets.xcassets */,
				24BDB24428D005E3004B0BFA /* LaunchScreen.storyboard */,
				24BDB24728D005E3004B0BFA /* Info.plist */,
			);
			path = "idade de cachorro";
			sourceTree = "<group>";
		};
/* End PBXGroup section */

/* Begin PBXNativeTarget section */
		24BDB23528D005E1004B0BFA /* idade de cachorro */ = {
			isa = PBXNativeTarget;
			buildConfigurationList = 24BDB24A28D005E3004B0BFA /* Build configuration list for PBXNativeTarget "idade de cachorro" */;
			buildPhases = (
				24BDB23228D005E1004B0BFA /* Sources */,
				24BDB23328D005E1004B0BFA /* Frameworks */,
				24BDB23428D005E1004B0BFA /* Resources */,
			);
			buildRules = (
			);
			dependencies = (
			);
			name = "idade de cachorro";
			productName = "idade de cachorro";
			productReference = 24BDB23628D005E1004B0BFA /* idade de cachorro.app */;
			productType = "com.apple.product-type.application";
		};
/* End PBXNativeTarget section */

/* Begin PBXProject section */
		24BDB22E28D005E1004B0BFA /* Project object */ = {
			isa = PBXProject;
			attributes = {
				BuildIndependentTargetsInParallel = 1;
				LastSwiftUpdateCheck = 1340;
				LastUpgradeCheck = 1340;
				TargetAttributes = {
					24BDB23528D005E1004B0BFA = {
						CreatedOnToolsVersion = 13.4;
					};
				};
			};
			buildConfigurationList = 24BDB23128D005E1004B0BFA /* Build configuration list for PBXProject "idade de cachorro" */;
			compatibilityVersion = "Xcode 13.0";
			developmentRegion = en;
			hasScannedForEncodings = 0;
			knownRegions = (
				en,
				Base,
			);
			mainGroup = 24BDB22D28D005E1004B0BFA;
			productRefGroup = 24BDB23728D005E1004B0BFA /* Products */;
			projectDirPath = "";
			projectRoot = "";
			targets = (
				24BDB23528D005E1004B0BFA /* idade de cachorro */,
			);
		};
/* End PBXProject section */

/* Begin PBXResourcesBuildPhase section */
		24BDB23428D005E1004B0BFA /* Resources */ = {
			isa = PBXResourcesBuildPhase;
			buildActionMask = 2147483647;
			files = (
				24BDB24628D005E3004B0BFA /* LaunchScreen.storyboard in Resources */,
				24BDB24328D005E3004B0BFA /* Assets.xcassets in Resources */,
				24BDB24128D005E1004B0BFA /* Main.storyboard in Resources */,
				24D09EB828E5280A00E3C3E2 /* cachorro-png-imagem-de-cachorro-em-11563323933kntgiybgzp.png in Resources */,
			);
			runOnlyForDeploymentPostprocessing = 0;
		};
/* End PBXResourcesBuildPhase section */

/* Begin PBXSourcesBuildPhase section */
		24BDB23228D005E1004B0BFA /* Sources */ = {
			isa = PBXSourcesBuildPhase;
			buildActionMask = 2147483647;
			files = (
				24BDB23E28D005E1004B0BFA /* ViewController.swift in Sources */,
				24BDB23A28D005E1004B0BFA /* AppDelegate.swift in Sources */,
				24BDB23C28D005E1004B0BFA /* SceneDelegate.swift in Sources */,
			);
			runOnlyForDeploymentPostprocessing = 0;
		};
/* End PBXSourcesBuildPhase section */

/* Begin PBXVariantGroup section */
		24BDB23F28D005E1004B0BFA /* Main.storyboard */ = {
			isa = PBXVariantGroup;
			children = (
				24BDB24028D005E1004B0BFA /* Base */,
			);
			name = Main.storyboard;
			sourceTree = "<group>";
		};
		24BDB24428D005E3004B0BFA /* LaunchScreen.storyboard */ = {
			isa = PBXVariantGroup;
			children = (
				24BDB24528D005E3004B0BFA /* Base */,
			);
			name = LaunchScreen.storyboard;
			sourceTree = "<group>";
		};
/* End PBXVariantGroup section */

/* Begin XCBuildConfiguration section */
		24BDB24828D005E3004B0BFA /* Debug */ = {
			isa = XCBuildConfiguration;
			buildSettings = {
				ALWAYS_SEARCH_USER_PATHS = NO;
				CLANG_ANALYZER_NONNULL = YES;
				CLANG_ANALYZER_NUMBER_OBJECT_CONVERSION = YES_AGGRESSIVE;
				CLANG_CXX_LANGUAGE_STANDARD = "gnu++17";
				CLANG_ENABLE_MODULES = YES;
				CLANG_ENABLE_OBJC_ARC = YES;
				CLANG_ENABLE_OBJC_WEAK = YES;
				CLANG_WARN_BLOCK_CAPTURE_AUTORELEASING = YES;
				CLANG_WARN_BOOL_CONVERSION = YES;
				CLANG_WARN_COMMA = YES;
				CLANG_WARN_CONSTANT_CONVERSION = YES;
				CLANG_WARN_DEPRECATED_OBJC_IMPLEMENTATIONS = YES;
				CLANG_WARN_DIRECT_OBJC_ISA_USAGE = YES_ERROR;
				CLANG_WARN_DOCUMENTATION_COMMENTS = YES;
				CLANG_WARN_EMPTY_BODY = YES;
				CLANG_WARN_ENUM_CONVERSION = YES;
				CLANG_WARN_INFINITE_RECURSION = YES;
				CLANG_WARN_INT_CONVERSION = YES;
				CLANG_WARN_NON_LITERAL_NULL_CONVERSION = YES;
				CLANG_WARN_OBJC_IMPLICIT_RETAIN_SELF = YES;
				CLANG_WARN_OBJC_LITERAL_CONVERSION = YES;
				CLANG_WARN_OBJC_ROOT_CLASS = YES_ERROR;
				CLANG_WARN_QUOTED_INCLUDE_IN_FRAMEWORK_HEADER = YES;
				CLANG_WARN_RANGE_LOOP_ANALYSIS = YES;
				CLANG_WARN_STRICT_PROTOTYPES = YES;
				CLANG_WARN_SUSPICIOUS_MOVE = YES;
				CLANG_WARN_UNGUARDED_AVAILABILITY = YES_AGGRESSIVE;
				CLANG_WARN_UNREACHABLE_CODE = YES;
				CLANG_WARN__DUPLICATE_METHOD_MATCH = YES;
				COPY_PHASE_STRIP = NO;
				DEBUG_INFORMATION_FORMAT = dwarf;
				ENABLE_STRICT_OBJC_MSGSEND = YES;
				ENABLE_TESTABILITY = YES;
				GCC_C_LANGUAGE_STANDARD = gnu11;
				GCC_DYNAMIC_NO_PIC = NO;
				GCC_NO_COMMON_BLOCKS = YES;
				GCC_OPTIMIZATION_LEVEL = 0;
				GCC_PREPROCESSOR_DEFINITIONS = (
					"DEBUG=1",
					"$(inherited)",
				);
				GCC_WARN_64_TO_32_BIT_CONVERSION = YES;
				GCC_WARN_ABOUT_RETURN_TYPE = YES_ERROR;
				GCC_WARN_UNDECLARED_SELECTOR = YES;
				GCC_WARN_UNINITIALIZED_AUTOS = YES_AGGRESSIVE;
				GCC_WARN_UNUSED_FUNCTION = YES;
				GCC_WARN_UNUSED_VARIABLE = YES;
				IPHONEOS_DEPLOYMENT_TARGET = 15.5;
				MTL_ENABLE_DEBUG_INFO = INCLUDE_SOURCE;
				MTL_FAST_MATH = YES;
				ONLY_ACTIVE_ARCH = YES;
				SDKROOT = iphoneos;
				SWIFT_ACTIVE_COMPILATION_CONDITIONS = DEBUG;
				SWIFT_OPTIMIZATION_LEVEL = "-Onone";
			};
			name = Debug;
		};
		24BDB24928D005E3004B0BFA /* Release */ = {
			isa = XCBuildConfiguration;
			buildSettings = {
				ALWAYS_SEARCH_USER_PATHS = NO;
				CLANG_ANALYZER_NONNULL = YES;
				CLANG_ANALYZER_NUMBER_OBJECT_CONVERSION = YES_AGGRESSIVE;
				CLANG_CXX_LANGUAGE_STANDARD = "gnu++17";
				CLANG_ENABLE_MODULES = YES;
				CLANG_ENABLE_OBJC_ARC = YES;
				CLANG_ENABLE_OBJC_WEAK = YES;
				CLANG_WARN_BLOCK_CAPTURE_AUTORELEASING = YES;
				CLANG_WARN_BOOL_CONVERSION = YES;
				CLANG_WARN_COMMA = YES;
				CLANG_WARN_CONSTANT_CONVERSION = YES;
				CLANG_WARN_DEPRECATED_OBJC_IMPLEMENTATIONS = YES;
				CLANG_WARN_DIRECT_OBJC_ISA_USAGE = YES_ERROR;
				CLANG_WARN_DOCUMENTATION_COMMENTS = YES;
				CLANG_WARN_EMPTY_BODY = YES;
				CLANG_WARN_ENUM_CONVERSION = YES;
				CLANG_WARN_INFINITE_RECURSION = YES;
				CLANG_WARN_INT_CONVERSION = YES;
				CLANG_WARN_NON_LITERAL_NULL_CONVERSION = YES;
				CLANG_WARN_OBJC_IMPLICIT_RETAIN_SELF = YES;
				CLANG_WARN_OBJC_LITERAL_CONVERSION = YES;
				CLANG_WARN_OBJC_ROOT_CLASS = YES_ERROR;
				CLANG_WARN_QUOTED_INCLUDE_IN_FRAMEWORK_HEADER = YES;
				CLANG_WARN_RANGE_LOOP_ANALYSIS = YES;
				CLANG_WARN_STRICT_PROTOTYPES = YES;
				CLANG_WARN_SUSPICIOUS_MOVE = YES;
				CLANG_WARN_UNGUARDED_AVAILABILITY = YES_AGGRESSIVE;
				CLANG_WARN_UNREACHABLE_CODE = YES;
				CLANG_WARN__DUPLICATE_METHOD_MATCH = YES;
				COPY_PHASE_STRIP = NO;
				DEBUG_INFORMATION_FORMAT = "dwarf-with-dsym";
				ENABLE_NS_ASSERTIONS = NO;
				ENABLE_STRICT_OBJC_MSGSEND = YES;
				GCC_C_LANGUAGE_STANDARD = gnu11;
				GCC_NO_COMMON_BLOCKS = YES;
				GCC_WARN_64_TO_32_BIT_CONVERSION = YES;
				GCC_WARN_ABOUT_RETURN_TYPE = YES_ERROR;
				GCC_WARN_UNDECLARED_SELECTOR = YES;
				GCC_WARN_UNINITIALIZED_AUTOS = YES_AGGRESSIVE;
				GCC_WARN_UNUSED_FUNCTION = YES;
				GCC_WARN_UNUSED_VARIABLE = YES;
				IPHONEOS_DEPLOYMENT_TARGET = 15.5;
				MTL_ENABLE_DEBUG_INFO = NO;
				MTL_FAST_MATH = YES;
				SDKROOT = iphoneos;
				SWIFT_COMPILATION_MODE = wholemodule;
				SWIFT_OPTIMIZATION_LEVEL = "-O";
				VALIDATE_PRODUCT = YES;
			};
			name = Release;
		};
		24BDB24B28D005E3004B0BFA /* Debug */ = {
			isa = XCBuildConfiguration;
			buildSettings = {
				ASSETCATALOG_COMPILER_APPICON_NAME = AppIcon;
				ASSETCATALOG_COMPILER_GLOBAL_ACCENT_COLOR_NAME = AccentColor;
				CODE_SIGN_STYLE = Automatic;
				CURRENT_PROJECT_VERSION = 1;
				DEVELOPMENT_TEAM = 56NW34RY56;
				GENERATE_INFOPLIST_FILE = YES;
				INFOPLIST_FILE = "idade de cachorro/Info.plist";
				INFOPLIST_KEY_UIApplicationSupportsIndirectInputEvents = YES;
				INFOPLIST_KEY_UILaunchStoryboardName = LaunchScreen;
				INFOPLIST_KEY_UIMainStoryboardFile = Main;
				INFOPLIST_KEY_UISupportedInterfaceOrientations_iPad = "UIInterfaceOrientationPortrait UIInterfaceOrientationPortraitUpsideDown UIInterfaceOrientationLandscapeLeft UIInterfaceOrientationLandscapeRight";
				INFOPLIST_KEY_UISupportedInterfaceOrientations_iPhone = "UIInterfaceOrientationPortrait UIInterfaceOrientationLandscapeLeft UIInterfaceOrientationLandscapeRight";
				LD_RUNPATH_SEARCH_PATHS = (
					"$(inherited)",
					"@executable_path/Frameworks",
				);
				MARKETING_VERSION = 1.0;
				PRODUCT_BUNDLE_IDENTIFIER = "br.thalytasouza.idade-de-cachorro";
				PRODUCT_NAME = "$(TARGET_NAME)";
				SWIFT_EMIT_LOC_STRINGS = YES;
				SWIFT_VERSION = 5.0;
				TARGETED_DEVICE_FAMILY = "1,2";
			};
			name = Debug;
		};
		24BDB24C28D005E3004B0BFA /* Release */ = {
			isa = XCBuildConfiguration;
			buildSettings = {
				ASSETCATALOG_COMPILER_APPICON_NAME = AppIcon;
				ASSETCATALOG_COMPILER_GLOBAL_ACCENT_COLOR_NAME = AccentColor;
				CODE_SIGN_STYLE = Automatic;
				CURRENT_PROJECT_VERSION = 1;
				DEVELOPMENT_TEAM = 56NW34RY56;
				GENERATE_INFOPLIST_FILE = YES;
				INFOPLIST_FILE = "idade de cachorro/Info.plist";
				INFOPLIST_KEY_UIApplicationSupportsIndirectInputEvents = YES;
				INFOPLIST_KEY_UILaunchStoryboardName = LaunchScreen;
				INFOPLIST_KEY_UIMainStoryboardFile = Main;
				INFOPLIST_KEY_UISupportedInterfaceOrientations_iPad = "UIInterfaceOrientationPortrait UIInterfaceOrientationPortraitUpsideDown UIInterfaceOrientationLandscapeLeft UIInterfaceOrientationLandscapeRight";
				INFOPLIST_KEY_UISupportedInterfaceOrientations_iPhone = "UIInterfaceOrientationPortrait UIInterfaceOrientationLandscapeLeft UIInterfaceOrientationLandscapeRight";
				LD_RUNPATH_SEARCH_PATHS = (
					"$(inherited)",
					"@executable_path/Frameworks",
				);
				MARKETING_VERSION = 1.0;
				PRODUCT_BUNDLE_IDENTIFIER = "br.thalytasouza.idade-de-cachorro";
				PRODUCT_NAME = "$(TARGET_NAME)";
				SWIFT_EMIT_LOC_STRINGS = YES;
				SWIFT_VERSION = 5.0;
				TARGETED_DEVICE_FAMILY = "1,2";
			};
			name = Release;
		};
/* End XCBuildConfiguration section */

/* Begin XCConfigurationList section */
		24BDB23128D005E1004B0BFA /* Build configuration list for PBXProject "idade de cachorro" */ = {
			isa = XCConfigurationList;
			buildConfigurations = (
				24BDB24828D005E3004B0BFA /* Debug */,
				24BDB24928D005E3004B0BFA /* Release */,
			);
			defaultConfigurationIsVisible = 0;
			defaultConfigurationName = Release;
		};
		24BDB24A28D005E3004B0BFA /* Build configuration list for PBXNativeTarget "idade de cachorro" */ = {
			isa = XCConfigurationList;
			buildConfigurations = (
				24BDB24B28D005E3004B0BFA /* Debug */,
				24BDB24C28D005E3004B0BFA /* Release */,
			);
			defaultConfigurationIsVisible = 0;
			defaultConfigurationName = Release;
		};
/* End XCConfigurationList section */
	};
	rootObject = 24BDB22E28D005E1004B0BFA /* Project object */;
}
